
Microsoft Visual Studio Solution File, Format Version 12.00
# Visual Studio Version 17
VisualStudioVersion = 17.7.34003.232
MinimumVisualStudioVersion = 10.0.40219.1
Project("{FAE04EC0-301F-11D3-BF4B-00C04F79EFBC}") = "rd-website", "rd-website\rd-website.csproj", "{2AC9C6C4-27FA-4B85-8AB6-0C651EE5169E}"
EndProject
Global
	GlobalSection(SolutionConfigurationPlatforms) = preSolution
		Debug|Any CPU = Debug|Any CPU
		Release|Any CPU = Release|Any CPU
	EndGlobalSection
	GlobalSection(ProjectConfigurationPlatforms) = postSolution
		{2AC9C6C4-27FA-4B85-8AB6-0C651EE5169E}.Debug|Any CPU.ActiveCfg = Debug|Any CPU
		{2AC9C6C4-27FA-4B85-8AB6-0C651EE5169E}.Debug|Any CPU.Build.0 = Debug|Any CPU
		{2AC9C6C4-27FA-4B85-8AB6-0C651EE5169E}.Release|Any CPU.ActiveCfg = Release|Any CPU
		{2AC9C6C4-27FA-4B85-8AB6-0C651EE5169E}.Release|Any CPU.Build.0 = Release|Any CPU
	EndGlobalSection
	GlobalSection(SolutionProperties) = preSolution
		HideSolutionNode = FALSE
	EndGlobalSection
	GlobalSection(ExtensibilityGlobals) = postSolution
		SolutionGuid = {17514C2B-FBE8-4719-B929-28721C81C053}
	EndGlobalSection
EndGlobal
